
Microsoft Visual Studio Solution File, Format Version 12.00
# Visual Studio Version 16
VisualStudioVersion = 16.0.30517.126
MinimumVisualStudioVersion = 10.0.40219.1
Project("{9A19103F-16F7-4668-BE54-9A1E7A4F7556}") = "CollectionRules", "CollectionRules\CollectionRules.csproj", "{CCE4E03B-633A-4B61-BE89-3A59596D3DFC}"
EndProject
Global
	GlobalSection(SolutionConfigurationPlatforms) = preSolution
		Debug|Any CPU = Debug|Any CPU
		Release|Any CPU = Release|Any CPU
	EndGlobalSection
	GlobalSection(ProjectConfigurationPlatforms) = postSolution
		{CCE4E03B-633A-4B61-BE89-3A59596D3DFC}.Debug|Any CPU.ActiveCfg = Debug|Any CPU
		{CCE4E03B-633A-4B61-BE89-3A59596D3DFC}.Debug|Any CPU.Build.0 = Debug|Any CPU
		{CCE4E03B-633A-4B61-BE89-3A59596D3DFC}.Release|Any CPU.ActiveCfg = Release|Any CPU
		{CCE4E03B-633A-4B61-BE89-3A59596D3DFC}.Release|Any CPU.Build.0 = Release|Any CPU
	EndGlobalSection
	GlobalSection(SolutionProperties) = preSolution
		HideSolutionNode = FALSE
	EndGlobalSection
	GlobalSection(ExtensibilityGlobals) = postSolution
		SolutionGuid = {A4474582-C8FF-4BA2-AEA3-133D74CC372B}
	EndGlobalSection
EndGlobal
